{
  "name": "calculator-output",
  "version": "1.0.0",
  "lockfileVersion": 1,
  "requires": true,
  "dependencies": {
    "npm-calculator-example-js": {
      "version": "1.0.1",
      "resolved": "https://registry.npmjs.org/npm-calculator-example-js/-/npm-calculator-example-js-1.0.1.tgz",
      "integrity": "sha512-l22WCC2t9iSZjQKuwAty8wDAt3yQXnf0t74ak1KHQbzOhuRAv0EwpXNNa4HjXphBS8HGQdE2tzgVhjBHcK7YxA=="
    }
  }
}
